// !$*UTF8*$!
{
	archiveVersion = 1;
	classes = {
	};
	objectVersion = 56;
	objects = {

/* Begin PBXBuildFile section */
		E4383E502C99857F0093B7FA /* Constants.swift in Sources */ = {isa = PBXBuildFile; fileRef = E4383E4F2C99857F0093B7FA /* Constants.swift */; };
		E4383E532C9993AF0093B7FA /* TodosViewModel.swift in Sources */ = {isa = PBXBuildFile; fileRef = E4383E522C9993AF0093B7FA /* TodosViewModel.swift */; };
		E4383E552C99947F0093B7FA /* ScreenFactory.swift in Sources */ = {isa = PBXBuildFile; fileRef = E4383E542C99947F0093B7FA /* ScreenFactory.swift */; };
		E4383E572C999DAE0093B7FA /* TaskListCollectionView.swift in Sources */ = {isa = PBXBuildFile; fileRef = E4383E562C999DAE0093B7FA /* TaskListCollectionView.swift */; };
		E4383E592C999FB10093B7FA /* TaskCollectionViewCell.swift in Sources */ = {isa = PBXBuildFile; fileRef = E4383E582C999FB10093B7FA /* TaskCollectionViewCell.swift */; };
		E45518DF2C98383A005DBD9B /* AppDelegate.swift in Sources */ = {isa = PBXBuildFile; fileRef = E45518DE2C98383A005DBD9B /* AppDelegate.swift */; };
		E45518E32C98383A005DBD9B /* TodosViewController.swift in Sources */ = {isa = PBXBuildFile; fileRef = E45518E22C98383A005DBD9B /* TodosViewController.swift */; };
		E45518E92C98383A005DBD9B /* Todos.xcdatamodeld in Sources */ = {isa = PBXBuildFile; fileRef = E45518E72C98383A005DBD9B /* Todos.xcdatamodeld */; };
		E45518EB2C98383B005DBD9B /* Assets.xcassets in Resources */ = {isa = PBXBuildFile; fileRef = E45518EA2C98383B005DBD9B /* Assets.xcassets */; };
		E45518F92C98383B005DBD9B /* TodosTests.swift in Sources */ = {isa = PBXBuildFile; fileRef = E45518F82C98383B005DBD9B /* TodosTests.swift */; };
		E4F711552C9839E3000CC916 /* StorageManager.swift in Sources */ = {isa = PBXBuildFile; fileRef = E4F711542C9839E3000CC916 /* StorageManager.swift */; };
		E4F711572C983DD3000CC916 /* TitleStackView.swift in Sources */ = {isa = PBXBuildFile; fileRef = E4F711562C983DD3000CC916 /* TitleStackView.swift */; };
		E4F7115B2C9864B3000CC916 /* SortTasksButton.swift in Sources */ = {isa = PBXBuildFile; fileRef = E4F7115A2C9864B3000CC916 /* SortTasksButton.swift */; };
/* End PBXBuildFile section */

/* Begin PBXContainerItemProxy section */
		E45518F52C98383B005DBD9B /* PBXContainerItemProxy */ = {
			isa = PBXContainerItemProxy;
			containerPortal = E45518D32C98383A005DBD9B /* Project object */;
			proxyType = 1;
			remoteGlobalIDString = E45518DA2C98383A005DBD9B;
			remoteInfo = Todos;
		};
/* End PBXContainerItemProxy section */

/* Begin PBXFileReference section */
		E4383E4F2C99857F0093B7FA /* Constants.swift */ = {isa = PBXFileReference; lastKnownFileType = sourcecode.swift; path = Constants.swift; sourceTree = "<group>"; };
		E4383E522C9993AF0093B7FA /* TodosViewModel.swift */ = {isa = PBXFileReference; lastKnownFileType = sourcecode.swift; path = TodosViewModel.swift; sourceTree = "<group>"; };
		E4383E542C99947F0093B7FA /* ScreenFactory.swift */ = {isa = PBXFileReference; lastKnownFileType = sourcecode.swift; path = ScreenFactory.swift; sourceTree = "<group>"; };
		E4383E562C999DAE0093B7FA /* TaskListCollectionView.swift */ = {isa = PBXFileReference; lastKnownFileType = sourcecode.swift; path = TaskListCollectionView.swift; sourceTree = "<group>"; };
		E4383E582C999FB10093B7FA /* TaskCollectionViewCell.swift */ = {isa = PBXFileReference; lastKnownFileType = sourcecode.swift; path = TaskCollectionViewCell.swift; sourceTree = "<group>"; };
		E45518DB2C98383A005DBD9B /* Todos.app */ = {isa = PBXFileReference; explicitFileType = wrapper.application; includeInIndex = 0; path = Todos.app; sourceTree = BUILT_PRODUCTS_DIR; };
		E45518DE2C98383A005DBD9B /* AppDelegate.swift */ = {isa = PBXFileReference; lastKnownFileType = sourcecode.swift; path = AppDelegate.swift; sourceTree = "<group>"; };
		E45518E22C98383A005DBD9B /* TodosViewController.swift */ = {isa = PBXFileReference; lastKnownFileType = sourcecode.swift; path = TodosViewController.swift; sourceTree = "<group>"; };
		E45518E82C98383A005DBD9B /* Todos.xcdatamodel */ = {isa = PBXFileReference; lastKnownFileType = wrapper.xcdatamodel; path = Todos.xcdatamodel; sourceTree = "<group>"; };
		E45518EA2C98383B005DBD9B /* Assets.xcassets */ = {isa = PBXFileReference; lastKnownFileType = folder.assetcatalog; path = Assets.xcassets; sourceTree = "<group>"; };
		E45518EF2C98383B005DBD9B /* Info.plist */ = {isa = PBXFileReference; lastKnownFileType = text.plist.xml; path = Info.plist; sourceTree = "<group>"; };
		E45518F42C98383B005DBD9B /* TodosTests.xctest */ = {isa = PBXFileReference; explicitFileType = wrapper.cfbundle; includeInIndex = 0; path = TodosTests.xctest; sourceTree = BUILT_PRODUCTS_DIR; };
		E45518F82C98383B005DBD9B /* TodosTests.swift */ = {isa = PBXFileReference; lastKnownFileType = sourcecode.swift; path = TodosTests.swift; sourceTree = "<group>"; };
		E4F711542C9839E3000CC916 /* StorageManager.swift */ = {isa = PBXFileReference; lastKnownFileType = sourcecode.swift; path = StorageManager.swift; sourceTree = "<group>"; };
		E4F711562C983DD3000CC916 /* TitleStackView.swift */ = {isa = PBXFileReference; lastKnownFileType = sourcecode.swift; path = TitleStackView.swift; sourceTree = "<group>"; };
		E4F7115A2C9864B3000CC916 /* SortTasksButton.swift */ = {isa = PBXFileReference; lastKnownFileType = sourcecode.swift; path = SortTasksButton.swift; sourceTree = "<group>"; };
/* End PBXFileReference section */

/* Begin PBXFrameworksBuildPhase section */
		E45518D82C98383A005DBD9B /* Frameworks */ = {
			isa = PBXFrameworksBuildPhase;
			buildActionMask = 2147483647;
			files = (
			);
			runOnlyForDeploymentPostprocessing = 0;
		};
		E45518F12C98383B005DBD9B /* Frameworks */ = {
			isa = PBXFrameworksBuildPhase;
			buildActionMask = 2147483647;
			files = (
			);
			runOnlyForDeploymentPostprocessing = 0;
		};
/* End PBXFrameworksBuildPhase section */

/* Begin PBXGroup section */
		E4383E4E2C9985750093B7FA /* Helpers */ = {
			isa = PBXGroup;
			children = (
				E4383E542C99947F0093B7FA /* ScreenFactory.swift */,
				E4383E4F2C99857F0093B7FA /* Constants.swift */,
			);
			path = Helpers;
			sourceTree = "<group>";
		};
		E4383E512C9993900093B7FA /* ViewModels */ = {
			isa = PBXGroup;
			children = (
				E4383E522C9993AF0093B7FA /* TodosViewModel.swift */,
			);
			path = ViewModels;
			sourceTree = "<group>";
		};
		E45518D22C98383A005DBD9B = {
			isa = PBXGroup;
			children = (
				E45518DD2C98383A005DBD9B /* Todos */,
				E45518F72C98383B005DBD9B /* TodosTests */,
				E45518DC2C98383A005DBD9B /* Products */,
			);
			sourceTree = "<group>";
		};
		E45518DC2C98383A005DBD9B /* Products */ = {
			isa = PBXGroup;
			children = (
				E45518DB2C98383A005DBD9B /* Todos.app */,
				E45518F42C98383B005DBD9B /* TodosTests.xctest */,
			);
			name = Products;
			sourceTree = "<group>";
		};
		E45518DD2C98383A005DBD9B /* Todos */ = {
			isa = PBXGroup;
			children = (
				E4F711512C9838B1000CC916 /* Application */,
				E4F711502C98389B000CC916 /* Models */,
				E4F711522C9838D9000CC916 /* Views */,
				E4383E512C9993900093B7FA /* ViewModels */,
				E4F711532C9839D4000CC916 /* Services */,
				E4383E4E2C9985750093B7FA /* Helpers */,
				E4F7114F2C983888000CC916 /* Resources */,
			);
			path = Todos;
			sourceTree = "<group>";
		};
		E45518F72C98383B005DBD9B /* TodosTests */ = {
			isa = PBXGroup;
			children = (
				E45518F82C98383B005DBD9B /* TodosTests.swift */,
			);
			path = TodosTests;
			sourceTree = "<group>";
		};
		E4F7114F2C983888000CC916 /* Resources */ = {
			isa = PBXGroup;
			children = (
				E45518EA2C98383B005DBD9B /* Assets.xcassets */,
				E45518EF2C98383B005DBD9B /* Info.plist */,
			);
			path = Resources;
			sourceTree = "<group>";
		};
		E4F711502C98389B000CC916 /* Models */ = {
			isa = PBXGroup;
			children = (
				E45518E72C98383A005DBD9B /* Todos.xcdatamodeld */,
			);
			path = Models;
			sourceTree = "<group>";
		};
		E4F711512C9838B1000CC916 /* Application */ = {
			isa = PBXGroup;
			children = (
				E45518DE2C98383A005DBD9B /* AppDelegate.swift */,
			);
			path = Application;
			sourceTree = "<group>";
		};
		E4F711522C9838D9000CC916 /* Views */ = {
			isa = PBXGroup;
			children = (
				E4F711562C983DD3000CC916 /* TitleStackView.swift */,
				E4F7115A2C9864B3000CC916 /* SortTasksButton.swift */,
				E4383E582C999FB10093B7FA /* TaskCollectionViewCell.swift */,
				E4383E562C999DAE0093B7FA /* TaskListCollectionView.swift */,
				E45518E22C98383A005DBD9B /* TodosViewController.swift */,
			);
			path = Views;
			sourceTree = "<group>";
		};
		E4F711532C9839D4000CC916 /* Services */ = {
			isa = PBXGroup;
			children = (
				E4F711542C9839E3000CC916 /* StorageManager.swift */,
			);
			path = Services;
			sourceTree = "<group>";
		};
/* End PBXGroup section */

/* Begin PBXNativeTarget section */
		E45518DA2C98383A005DBD9B /* Todos */ = {
			isa = PBXNativeTarget;
			buildConfigurationList = E45519082C98383B005DBD9B /* Build configuration list for PBXNativeTarget "Todos" */;
			buildPhases = (
				E45518D72C98383A005DBD9B /* Sources */,
				E45518D82C98383A005DBD9B /* Frameworks */,
				E45518D92C98383A005DBD9B /* Resources */,
			);
			buildRules = (
			);
			dependencies = (
			);
			name = Todos;
			productName = Todos;
			productReference = E45518DB2C98383A005DBD9B /* Todos.app */;
			productType = "com.apple.product-type.application";
		};
		E45518F32C98383B005DBD9B /* TodosTests */ = {
			isa = PBXNativeTarget;
			buildConfigurationList = E455190B2C98383B005DBD9B /* Build configuration list for PBXNativeTarget "TodosTests" */;
			buildPhases = (
				E45518F02C98383B005DBD9B /* Sources */,
				E45518F12C98383B005DBD9B /* Frameworks */,
				E45518F22C98383B005DBD9B /* Resources */,
			);
			buildRules = (
			);
			dependencies = (
				E45518F62C98383B005DBD9B /* PBXTargetDependency */,
			);
			name = TodosTests;
			productName = TodosTests;
			productReference = E45518F42C98383B005DBD9B /* TodosTests.xctest */;
			productType = "com.apple.product-type.bundle.unit-test";
		};
/* End PBXNativeTarget section */

/* Begin PBXProject section */
		E45518D32C98383A005DBD9B /* Project object */ = {
			isa = PBXProject;
			attributes = {
				BuildIndependentTargetsInParallel = 1;
				LastSwiftUpdateCheck = 1540;
				LastUpgradeCheck = 1600;
				TargetAttributes = {
					E45518DA2C98383A005DBD9B = {
						CreatedOnToolsVersion = 15.4;
					};
					E45518F32C98383B005DBD9B = {
						CreatedOnToolsVersion = 15.4;
						TestTargetID = E45518DA2C98383A005DBD9B;
					};
				};
			};
			buildConfigurationList = E45518D62C98383A005DBD9B /* Build configuration list for PBXProject "Todos" */;
			compatibilityVersion = "Xcode 14.0";
			developmentRegion = en;
			hasScannedForEncodings = 0;
			knownRegions = (
				en,
				Base,
			);
			mainGroup = E45518D22C98383A005DBD9B;
			productRefGroup = E45518DC2C98383A005DBD9B /* Products */;
			projectDirPath = "";
			projectRoot = "";
			targets = (
				E45518DA2C98383A005DBD9B /* Todos */,
				E45518F32C98383B005DBD9B /* TodosTests */,
			);
		};
/* End PBXProject section */

/* Begin PBXResourcesBuildPhase section */
		E45518D92C98383A005DBD9B /* Resources */ = {
			isa = PBXResourcesBuildPhase;
			buildActionMask = 2147483647;
			files = (
				E45518EB2C98383B005DBD9B /* Assets.xcassets in Resources */,
			);
			runOnlyForDeploymentPostprocessing = 0;
		};
		E45518F22C98383B005DBD9B /* Resources */ = {
			isa = PBXResourcesBuildPhase;
			buildActionMask = 2147483647;
			files = (
			);
			runOnlyForDeploymentPostprocessing = 0;
		};
/* End PBXResourcesBuildPhase section */

/* Begin PBXSourcesBuildPhase section */
		E45518D72C98383A005DBD9B /* Sources */ = {
			isa = PBXSourcesBuildPhase;
			buildActionMask = 2147483647;
			files = (
				E4F7115B2C9864B3000CC916 /* SortTasksButton.swift in Sources */,
				E45518E32C98383A005DBD9B /* TodosViewController.swift in Sources */,
				E45518DF2C98383A005DBD9B /* AppDelegate.swift in Sources */,
				E4F711572C983DD3000CC916 /* TitleStackView.swift in Sources */,
				E4383E502C99857F0093B7FA /* Constants.swift in Sources */,
				E4383E532C9993AF0093B7FA /* TodosViewModel.swift in Sources */,
				E45518E92C98383A005DBD9B /* Todos.xcdatamodeld in Sources */,
				E4F711552C9839E3000CC916 /* StorageManager.swift in Sources */,
				E4383E552C99947F0093B7FA /* ScreenFactory.swift in Sources */,
				E4383E592C999FB10093B7FA /* TaskCollectionViewCell.swift in Sources */,
				E4383E572C999DAE0093B7FA /* TaskListCollectionView.swift in Sources */,
			);
			runOnlyForDeploymentPostprocessing = 0;
		};
		E45518F02C98383B005DBD9B /* Sources */ = {
			isa = PBXSourcesBuildPhase;
			buildActionMask = 2147483647;
			files = (
				E45518F92C98383B005DBD9B /* TodosTests.swift in Sources */,
			);
			runOnlyForDeploymentPostprocessing = 0;
		};
/* End PBXSourcesBuildPhase section */

/* Begin PBXTargetDependency section */
		E45518F62C98383B005DBD9B /* PBXTargetDependency */ = {
			isa = PBXTargetDependency;
			target = E45518DA2C98383A005DBD9B /* Todos */;
			targetProxy = E45518F52C98383B005DBD9B /* PBXContainerItemProxy */;
		};
/* End PBXTargetDependency section */

/* Begin XCBuildConfiguration section */
		E45519062C98383B005DBD9B /* Debug */ = {
			isa = XCBuildConfiguration;
			buildSettings = {
				ALWAYS_SEARCH_USER_PATHS = NO;
				ASSETCATALOG_COMPILER_GENERATE_SWIFT_ASSET_SYMBOL_EXTENSIONS = YES;
				CLANG_ANALYZER_NONNULL = YES;
				CLANG_ANALYZER_NUMBER_OBJECT_CONVERSION = YES_AGGRESSIVE;
				CLANG_CXX_LANGUAGE_STANDARD = "gnu++20";
				CLANG_ENABLE_MODULES = YES;
				CLANG_ENABLE_OBJC_ARC = YES;
				CLANG_ENABLE_OBJC_WEAK = YES;
				CLANG_WARN_BLOCK_CAPTURE_AUTORELEASING = YES;
				CLANG_WARN_BOOL_CONVERSION = YES;
				CLANG_WARN_COMMA = YES;
				CLANG_WARN_CONSTANT_CONVERSION = YES;
				CLANG_WARN_DEPRECATED_OBJC_IMPLEMENTATIONS = YES;
				CLANG_WARN_DIRECT_OBJC_ISA_USAGE = YES_ERROR;
				CLANG_WARN_DOCUMENTATION_COMMENTS = YES;
				CLANG_WARN_EMPTY_BODY = YES;
				CLANG_WARN_ENUM_CONVERSION = YES;
				CLANG_WARN_INFINITE_RECURSION = YES;
				CLANG_WARN_INT_CONVERSION = YES;
				CLANG_WARN_NON_LITERAL_NULL_CONVERSION = YES;
				CLANG_WARN_OBJC_IMPLICIT_RETAIN_SELF = YES;
				CLANG_WARN_OBJC_LITERAL_CONVERSION = YES;
				CLANG_WARN_OBJC_ROOT_CLASS = YES_ERROR;
				CLANG_WARN_QUOTED_INCLUDE_IN_FRAMEWORK_HEADER = YES;
				CLANG_WARN_RANGE_LOOP_ANALYSIS = YES;
				CLANG_WARN_STRICT_PROTOTYPES = YES;
				CLANG_WARN_SUSPICIOUS_MOVE = YES;
				CLANG_WARN_UNGUARDED_AVAILABILITY = YES_AGGRESSIVE;
				CLANG_WARN_UNREACHABLE_CODE = YES;
				CLANG_WARN__DUPLICATE_METHOD_MATCH = YES;
				COPY_PHASE_STRIP = NO;
				DEBUG_INFORMATION_FORMAT = dwarf;
				ENABLE_STRICT_OBJC_MSGSEND = YES;
				ENABLE_TESTABILITY = YES;
				ENABLE_USER_SCRIPT_SANDBOXING = YES;
				GCC_C_LANGUAGE_STANDARD = gnu17;
				GCC_DYNAMIC_NO_PIC = NO;
				GCC_NO_COMMON_BLOCKS = YES;
				GCC_OPTIMIZATION_LEVEL = 0;
				GCC_PREPROCESSOR_DEFINITIONS = (
					"DEBUG=1",
					"$(inherited)",
				);
				GCC_WARN_64_TO_32_BIT_CONVERSION = YES;
				GCC_WARN_ABOUT_RETURN_TYPE = YES_ERROR;
				GCC_WARN_UNDECLARED_SELECTOR = YES;
				GCC_WARN_UNINITIALIZED_AUTOS = YES_AGGRESSIVE;
				GCC_WARN_UNUSED_FUNCTION = YES;
				GCC_WARN_UNUSED_VARIABLE = YES;
				IPHONEOS_DEPLOYMENT_TARGET = 16.6;
				LOCALIZATION_PREFERS_STRING_CATALOGS = YES;
				MTL_ENABLE_DEBUG_INFO = INCLUDE_SOURCE;
				MTL_FAST_MATH = YES;
				ONLY_ACTIVE_ARCH = YES;
				SDKROOT = iphoneos;
				SWIFT_ACTIVE_COMPILATION_CONDITIONS = "DEBUG $(inherited)";
				SWIFT_OPTIMIZATION_LEVEL = "-Onone";
			};
			name = Debug;
		};
		E45519072C98383B005DBD9B /* Release */ = {
			isa = XCBuildConfiguration;
			buildSettings = {
				ALWAYS_SEARCH_USER_PATHS = NO;
				ASSETCATALOG_COMPILER_GENERATE_SWIFT_ASSET_SYMBOL_EXTENSIONS = YES;
				CLANG_ANALYZER_NONNULL = YES;
				CLANG_ANALYZER_NUMBER_OBJECT_CONVERSION = YES_AGGRESSIVE;
				CLANG_CXX_LANGUAGE_STANDARD = "gnu++20";
				CLANG_ENABLE_MODULES = YES;
				CLANG_ENABLE_OBJC_ARC = YES;
				CLANG_ENABLE_OBJC_WEAK = YES;
				CLANG_WARN_BLOCK_CAPTURE_AUTORELEASING = YES;
				CLANG_WARN_BOOL_CONVERSION = YES;
				CLANG_WARN_COMMA = YES;
				CLANG_WARN_CONSTANT_CONVERSION = YES;
				CLANG_WARN_DEPRECATED_OBJC_IMPLEMENTATIONS = YES;
				CLANG_WARN_DIRECT_OBJC_ISA_USAGE = YES_ERROR;
				CLANG_WARN_DOCUMENTATION_COMMENTS = YES;
				CLANG_WARN_EMPTY_BODY = YES;
				CLANG_WARN_ENUM_CONVERSION = YES;
				CLANG_WARN_INFINITE_RECURSION = YES;
				CLANG_WARN_INT_CONVERSION = YES;
				CLANG_WARN_NON_LITERAL_NULL_CONVERSION = YES;
				CLANG_WARN_OBJC_IMPLICIT_RETAIN_SELF = YES;
				CLANG_WARN_OBJC_LITERAL_CONVERSION = YES;
				CLANG_WARN_OBJC_ROOT_CLASS = YES_ERROR;
				CLANG_WARN_QUOTED_INCLUDE_IN_FRAMEWORK_HEADER = YES;
				CLANG_WARN_RANGE_LOOP_ANALYSIS = YES;
				CLANG_WARN_STRICT_PROTOTYPES = YES;
				CLANG_WARN_SUSPICIOUS_MOVE = YES;
				CLANG_WARN_UNGUARDED_AVAILABILITY = YES_AGGRESSIVE;
				CLANG_WARN_UNREACHABLE_CODE = YES;
				CLANG_WARN__DUPLICATE_METHOD_MATCH = YES;
				COPY_PHASE_STRIP = NO;
				DEBUG_INFORMATION_FORMAT = "dwarf-with-dsym";
				ENABLE_NS_ASSERTIONS = NO;
				ENABLE_STRICT_OBJC_MSGSEND = YES;
				ENABLE_USER_SCRIPT_SANDBOXING = YES;
				GCC_C_LANGUAGE_STANDARD = gnu17;
				GCC_NO_COMMON_BLOCKS = YES;
				GCC_WARN_64_TO_32_BIT_CONVERSION = YES;
				GCC_WARN_ABOUT_RETURN_TYPE = YES_ERROR;
				GCC_WARN_UNDECLARED_SELECTOR = YES;
				GCC_WARN_UNINITIALIZED_AUTOS = YES_AGGRESSIVE;
				GCC_WARN_UNUSED_FUNCTION = YES;
				GCC_WARN_UNUSED_VARIABLE = YES;
				IPHONEOS_DEPLOYMENT_TARGET = 16.6;
				LOCALIZATION_PREFERS_STRING_CATALOGS = YES;
				MTL_ENABLE_DEBUG_INFO = NO;
				MTL_FAST_MATH = YES;
				SDKROOT = iphoneos;
				SWIFT_COMPILATION_MODE = wholemodule;
				VALIDATE_PRODUCT = YES;
			};
			name = Release;
		};
		E45519092C98383B005DBD9B /* Debug */ = {
			isa = XCBuildConfiguration;
			buildSettings = {
				ASSETCATALOG_COMPILER_APPICON_NAME = AppIcon;
				ASSETCATALOG_COMPILER_GLOBAL_ACCENT_COLOR_NAME = AccentColor;
				CODE_SIGN_STYLE = Automatic;
				CURRENT_PROJECT_VERSION = 1;
				DEVELOPMENT_TEAM = X7QDNJU74Z;
				GENERATE_INFOPLIST_FILE = YES;
				INFOPLIST_FILE = Todos/Resources/Info.plist;
				INFOPLIST_KEY_UIApplicationSupportsIndirectInputEvents = YES;
				INFOPLIST_KEY_UISupportedInterfaceOrientations = UIInterfaceOrientationPortrait;
				IPHONEOS_DEPLOYMENT_TARGET = 16.0;
				LD_RUNPATH_SEARCH_PATHS = (
					"$(inherited)",
					"@executable_path/Frameworks",
				);
				MARKETING_VERSION = 1.0;
				PRODUCT_BUNDLE_IDENTIFIER = com.RuslanShigapov.Todos;
				PRODUCT_NAME = "$(TARGET_NAME)";
				SUPPORTED_PLATFORMS = "iphoneos iphonesimulator";
				SUPPORTS_MACCATALYST = NO;
				SUPPORTS_MAC_DESIGNED_FOR_IPHONE_IPAD = NO;
				SUPPORTS_XR_DESIGNED_FOR_IPHONE_IPAD = NO;
				SWIFT_EMIT_LOC_STRINGS = YES;
				SWIFT_VERSION = 5.0;
				TARGETED_DEVICE_FAMILY = 1;
			};
			name = Debug;
		};
		E455190A2C98383B005DBD9B /* Release */ = {
			isa = XCBuildConfiguration;
			buildSettings = {
				ASSETCATALOG_COMPILER_APPICON_NAME = AppIcon;
				ASSETCATALOG_COMPILER_GLOBAL_ACCENT_COLOR_NAME = AccentColor;
				CODE_SIGN_STYLE = Automatic;
				CURRENT_PROJECT_VERSION = 1;
				DEVELOPMENT_TEAM = X7QDNJU74Z;
				GENERATE_INFOPLIST_FILE = YES;
				INFOPLIST_FILE = Todos/Resources/Info.plist;
				INFOPLIST_KEY_UIApplicationSupportsIndirectInputEvents = YES;
				INFOPLIST_KEY_UISupportedInterfaceOrientations = UIInterfaceOrientationPortrait;
				IPHONEOS_DEPLOYMENT_TARGET = 16.0;
				LD_RUNPATH_SEARCH_PATHS = (
					"$(inherited)",
					"@executable_path/Frameworks",
				);
				MARKETING_VERSION = 1.0;
				PRODUCT_BUNDLE_IDENTIFIER = com.RuslanShigapov.Todos;
				PRODUCT_NAME = "$(TARGET_NAME)";
				SUPPORTED_PLATFORMS = "iphoneos iphonesimulator";
				SUPPORTS_MACCATALYST = NO;
				SUPPORTS_MAC_DESIGNED_FOR_IPHONE_IPAD = NO;
				SUPPORTS_XR_DESIGNED_FOR_IPHONE_IPAD = NO;
				SWIFT_EMIT_LOC_STRINGS = YES;
				SWIFT_VERSION = 5.0;
				TARGETED_DEVICE_FAMILY = 1;
			};
			name = Release;
		};
		E455190C2C98383B005DBD9B /* Debug */ = {
			isa = XCBuildConfiguration;
			buildSettings = {
				BUNDLE_LOADER = "$(TEST_HOST)";
				CODE_SIGN_STYLE = Automatic;
				CURRENT_PROJECT_VERSION = 1;
				DEVELOPMENT_TEAM = X7QDNJU74Z;
				GENERATE_INFOPLIST_FILE = YES;
				IPHONEOS_DEPLOYMENT_TARGET = 16.0;
				MARKETING_VERSION = 1.0;
				PRODUCT_BUNDLE_IDENTIFIER = com.RuslanShigapov.TodosTests;
				PRODUCT_NAME = "$(TARGET_NAME)";
				SUPPORTED_PLATFORMS = "iphoneos iphonesimulator";
				SUPPORTS_MACCATALYST = NO;
				SUPPORTS_MAC_DESIGNED_FOR_IPHONE_IPAD = NO;
				SUPPORTS_XR_DESIGNED_FOR_IPHONE_IPAD = NO;
				SWIFT_EMIT_LOC_STRINGS = NO;
				SWIFT_VERSION = 5.0;
				TARGETED_DEVICE_FAMILY = 1;
				TEST_HOST = "$(BUILT_PRODUCTS_DIR)/Todos.app/$(BUNDLE_EXECUTABLE_FOLDER_PATH)/Todos";
			};
			name = Debug;
		};
		E455190D2C98383B005DBD9B /* Release */ = {
			isa = XCBuildConfiguration;
			buildSettings = {
				BUNDLE_LOADER = "$(TEST_HOST)";
				CODE_SIGN_STYLE = Automatic;
				CURRENT_PROJECT_VERSION = 1;
				DEVELOPMENT_TEAM = X7QDNJU74Z;
				GENERATE_INFOPLIST_FILE = YES;
				IPHONEOS_DEPLOYMENT_TARGET = 16.0;
				MARKETING_VERSION = 1.0;
				PRODUCT_BUNDLE_IDENTIFIER = com.RuslanShigapov.TodosTests;
				PRODUCT_NAME = "$(TARGET_NAME)";
				SUPPORTED_PLATFORMS = "iphoneos iphonesimulator";
				SUPPORTS_MACCATALYST = NO;
				SUPPORTS_MAC_DESIGNED_FOR_IPHONE_IPAD = NO;
				SUPPORTS_XR_DESIGNED_FOR_IPHONE_IPAD = NO;
				SWIFT_EMIT_LOC_STRINGS = NO;
				SWIFT_VERSION = 5.0;
				TARGETED_DEVICE_FAMILY = 1;
				TEST_HOST = "$(BUILT_PRODUCTS_DIR)/Todos.app/$(BUNDLE_EXECUTABLE_FOLDER_PATH)/Todos";
			};
			name = Release;
		};
/* End XCBuildConfiguration section */

/* Begin XCConfigurationList section */
		E45518D62C98383A005DBD9B /* Build configuration list for PBXProject "Todos" */ = {
			isa = XCConfigurationList;
			buildConfigurations = (
				E45519062C98383B005DBD9B /* Debug */,
				E45519072C98383B005DBD9B /* Release */,
			);
			defaultConfigurationIsVisible = 0;
			defaultConfigurationName = Release;
		};
		E45519082C98383B005DBD9B /* Build configuration list for PBXNativeTarget "Todos" */ = {
			isa = XCConfigurationList;
			buildConfigurations = (
				E45519092C98383B005DBD9B /* Debug */,
				E455190A2C98383B005DBD9B /* Release */,
			);
			defaultConfigurationIsVisible = 0;
			defaultConfigurationName = Release;
		};
		E455190B2C98383B005DBD9B /* Build configuration list for PBXNativeTarget "TodosTests" */ = {
			isa = XCConfigurationList;
			buildConfigurations = (
				E455190C2C98383B005DBD9B /* Debug */,
				E455190D2C98383B005DBD9B /* Release */,
			);
			defaultConfigurationIsVisible = 0;
			defaultConfigurationName = Release;
		};
/* End XCConfigurationList section */

/* Begin XCVersionGroup section */
		E45518E72C98383A005DBD9B /* Todos.xcdatamodeld */ = {
			isa = XCVersionGroup;
			children = (
				E45518E82C98383A005DBD9B /* Todos.xcdatamodel */,
			);
			currentVersion = E45518E82C98383A005DBD9B /* Todos.xcdatamodel */;
			path = Todos.xcdatamodeld;
			sourceTree = "<group>";
			versionGroupType = wrapper.xcdatamodel;
		};
/* End XCVersionGroup section */
	};
	rootObject = E45518D32C98383A005DBD9B /* Project object */;
}
